
Microsoft Visual Studio Solution File, Format Version 12.00
# Visual Studio Version 17
VisualStudioVersion = 17.11.35303.130
MinimumVisualStudioVersion = 10.0.40219.1
Project("{FAE04EC0-301F-11D3-BF4B-00C04F79EFBC}") = "C# Assignment-2", "C# Assignment-2\C# Assignment-2.csproj", "{FC0FC74B-C28F-4342-997C-DB9B6490A679}"
EndProject
Global
	GlobalSection(SolutionConfigurationPlatforms) = preSolution
		Debug|Any CPU = Debug|Any CPU
		Release|Any CPU = Release|Any CPU
	EndGlobalSection
	GlobalSection(ProjectConfigurationPlatforms) = postSolution
		{FC0FC74B-C28F-4342-997C-DB9B6490A679}.Debug|Any CPU.ActiveCfg = Debug|Any CPU
		{FC0FC74B-C28F-4342-997C-DB9B6490A679}.Debug|Any CPU.Build.0 = Debug|Any CPU
		{FC0FC74B-C28F-4342-997C-DB9B6490A679}.Release|Any CPU.ActiveCfg = Release|Any CPU
		{FC0FC74B-C28F-4342-997C-DB9B6490A679}.Release|Any CPU.Build.0 = Release|Any CPU
	EndGlobalSection
	GlobalSection(SolutionProperties) = preSolution
		HideSolutionNode = FALSE
	EndGlobalSection
	GlobalSection(ExtensibilityGlobals) = postSolution
		SolutionGuid = {DFA2D791-6A65-46EA-94D3-88DF1A4A7671}
	EndGlobalSection
EndGlobal
